// !$*UTF8*$!
{
	archiveVersion = 1;
	classes = {
	};
	objectVersion = 46;
	objects = {

/* Begin PBXBuildFile section */
		086EF5DF1B5E25440038F3DE /* MyAlertView.m in Sources */ = {isa = PBXBuildFile; fileRef = 086EF5DE1B5E25440038F3DE /* MyAlertView.m */; };
		086EF5E21B5E2C840038F3DE /* MyViewController.m in Sources */ = {isa = PBXBuildFile; fileRef = 086EF5E11B5E2C840038F3DE /* MyViewController.m */; };
		086EF5E41B5E2E780038F3DE /* h5.png in Resources */ = {isa = PBXBuildFile; fileRef = 086EF5E31B5E2E780038F3DE /* h5.png */; };
		086EF5E71B5E3B720038F3DE /* NetworkRequest.m in Sources */ = {isa = PBXBuildFile; fileRef = 086EF5E61B5E3B720038F3DE /* NetworkRequest.m */; };
		088399491B5F1E7200AA5707 /* URLRequest.m in Sources */ = {isa = PBXBuildFile; fileRef = 088399481B5F1E7200AA5707 /* URLRequest.m */; };
		08CACD721B5DD68700A4B1E3 /* main.m in Sources */ = {isa = PBXBuildFile; fileRef = 08CACD711B5DD68700A4B1E3 /* main.m */; };
		08CACD751B5DD68700A4B1E3 /* AppDelegate.m in Sources */ = {isa = PBXBuildFile; fileRef = 08CACD741B5DD68700A4B1E3 /* AppDelegate.m */; };
		08CACD771B5DD68700A4B1E3 /* AFNetworkExsample-Prefix.pch in Resources */ = {isa = PBXBuildFile; fileRef = 08CACD761B5DD68700A4B1E3 /* AFNetworkExsample-Prefix.pch */; };
		08CACD791B5DD68700A4B1E3 /* Images.xcassets in Resources */ = {isa = PBXBuildFile; fileRef = 08CACD781B5DD68700A4B1E3 /* Images.xcassets */; };
		08CACD7C1B5DD68700A4B1E3 /* LaunchScreen.xib in Resources */ = {isa = PBXBuildFile; fileRef = 08CACD7A1B5DD68700A4B1E3 /* LaunchScreen.xib */; };
		08CACD881B5DD68700A4B1E3 /* AFNetworkExsampleTests.m in Sources */ = {isa = PBXBuildFile; fileRef = 08CACD871B5DD68700A4B1E3 /* AFNetworkExsampleTests.m */; };
		08CACD931B5DD69800A4B1E3 /* MainViewController.m in Sources */ = {isa = PBXBuildFile; fileRef = 08CACD921B5DD69800A4B1E3 /* MainViewController.m */; };
		0F588F7E1B6A210F00B7B180 /* hhhhhhViewController.m in Sources */ = {isa = PBXBuildFile; fileRef = 0F588F7D1B6A210F00B7B180 /* hhhhhhViewController.m */; };
		4DB8A3752844EC08474BFF68 /* libPods.a in Frameworks */ = {isa = PBXBuildFile; fileRef = 631A279564B8AF137FAAB393 /* libPods.a */; };
/* End PBXBuildFile section */

/* Begin PBXContainerItemProxy section */
		08CACD821B5DD68700A4B1E3 /* PBXContainerItemProxy */ = {
			isa = PBXContainerItemProxy;
			containerPortal = 08CACD641B5DD68700A4B1E3 /* Project object */;
			proxyType = 1;
			remoteGlobalIDString = 08CACD6B1B5DD68700A4B1E3;
			remoteInfo = AFNetworkExsample;
		};
/* End PBXContainerItemProxy section */

/* Begin PBXFileReference section */
		086EF5DD1B5E25440038F3DE /* MyAlertView.h */ = {isa = PBXFileReference; fileEncoding = 4; lastKnownFileType = sourcecode.c.h; path = MyAlertView.h; sourceTree = "<group>"; };
		086EF5DE1B5E25440038F3DE /* MyAlertView.m */ = {isa = PBXFileReference; fileEncoding = 4; lastKnownFileType = sourcecode.c.objc; path = MyAlertView.m; sourceTree = "<group>"; };
		086EF5E01B5E2C840038F3DE /* MyViewController.h */ = {isa = PBXFileReference; fileEncoding = 4; lastKnownFileType = sourcecode.c.h; path = MyViewController.h; sourceTree = "<group>"; };
		086EF5E11B5E2C840038F3DE /* MyViewController.m */ = {isa = PBXFileReference; fileEncoding = 4; lastKnownFileType = sourcecode.c.objc; path = MyViewController.m; sourceTree = "<group>"; };
		086EF5E31B5E2E780038F3DE /* h5.png */ = {isa = PBXFileReference; lastKnownFileType = image.png; path = h5.png; sourceTree = "<group>"; };
		086EF5E51B5E3B720038F3DE /* NetworkRequest.h */ = {isa = PBXFileReference; fileEncoding = 4; lastKnownFileType = sourcecode.c.h; path = NetworkRequest.h; sourceTree = "<group>"; };
		086EF5E61B5E3B720038F3DE /* NetworkRequest.m */ = {isa = PBXFileReference; fileEncoding = 4; lastKnownFileType = sourcecode.c.objc; path = NetworkRequest.m; sourceTree = "<group>"; };
		088399471B5F1E7200AA5707 /* URLRequest.h */ = {isa = PBXFileReference; fileEncoding = 4; lastKnownFileType = sourcecode.c.h; path = URLRequest.h; sourceTree = "<group>"; };
		088399481B5F1E7200AA5707 /* URLRequest.m */ = {isa = PBXFileReference; fileEncoding = 4; lastKnownFileType = sourcecode.c.objc; path = URLRequest.m; sourceTree = "<group>"; };
		08CACD6C1B5DD68700A4B1E3 /* AFNetworkExsample.app */ = {isa = PBXFileReference; explicitFileType = wrapper.application; includeInIndex = 0; path = AFNetworkExsample.app; sourceTree = BUILT_PRODUCTS_DIR; };
		08CACD701B5DD68700A4B1E3 /* Info.plist */ = {isa = PBXFileReference; lastKnownFileType = text.plist.xml; path = Info.plist; sourceTree = "<group>"; };
		08CACD711B5DD68700A4B1E3 /* main.m */ = {isa = PBXFileReference; lastKnownFileType = sourcecode.c.objc; path = main.m; sourceTree = "<group>"; };
		08CACD731B5DD68700A4B1E3 /* AppDelegate.h */ = {isa = PBXFileReference; lastKnownFileType = sourcecode.c.h; path = AppDelegate.h; sourceTree = "<group>"; };
		08CACD741B5DD68700A4B1E3 /* AppDelegate.m */ = {isa = PBXFileReference; lastKnownFileType = sourcecode.c.objc; path = AppDelegate.m; sourceTree = "<group>"; };
		08CACD761B5DD68700A4B1E3 /* AFNetworkExsample-Prefix.pch */ = {isa = PBXFileReference; lastKnownFileType = sourcecode.c.h; path = "AFNetworkExsample-Prefix.pch"; sourceTree = "<group>"; };
		08CACD781B5DD68700A4B1E3 /* Images.xcassets */ = {isa = PBXFileReference; lastKnownFileType = folder.assetcatalog; path = Images.xcassets; sourceTree = "<group>"; };
		08CACD7B1B5DD68700A4B1E3 /* Base */ = {isa = PBXFileReference; lastKnownFileType = file.xib; name = Base; path = Base.lproj/LaunchScreen.xib; sourceTree = "<group>"; };
		08CACD811B5DD68700A4B1E3 /* AFNetworkExsampleTests.xctest */ = {isa = PBXFileReference; explicitFileType = wrapper.cfbundle; includeInIndex = 0; path = AFNetworkExsampleTests.xctest; sourceTree = BUILT_PRODUCTS_DIR; };
		08CACD861B5DD68700A4B1E3 /* Info.plist */ = {isa = PBXFileReference; lastKnownFileType = text.plist.xml; path = Info.plist; sourceTree = "<group>"; };
		08CACD871B5DD68700A4B1E3 /* AFNetworkExsampleTests.m */ = {isa = PBXFileReference; lastKnownFileType = sourcecode.c.objc; path = AFNetworkExsampleTests.m; sourceTree = "<group>"; };
		08CACD911B5DD69800A4B1E3 /* MainViewController.h */ = {isa = PBXFileReference; fileEncoding = 4; lastKnownFileType = sourcecode.c.h; path = MainViewController.h; sourceTree = "<group>"; };
		08CACD921B5DD69800A4B1E3 /* MainViewController.m */ = {isa = PBXFileReference; fileEncoding = 4; lastKnownFileType = sourcecode.c.objc; path = MainViewController.m; sourceTree = "<group>"; };
		0F588F7C1B6A210F00B7B180 /* hhhhhhViewController.h */ = {isa = PBXFileReference; fileEncoding = 4; lastKnownFileType = sourcecode.c.h; path = hhhhhhViewController.h; sourceTree = "<group>"; };
		0F588F7D1B6A210F00B7B180 /* hhhhhhViewController.m */ = {isa = PBXFileReference; fileEncoding = 4; lastKnownFileType = sourcecode.c.objc; path = hhhhhhViewController.m; sourceTree = "<group>"; };
		15B147A1916CA8359B5CF8B9 /* Pods.debug.xcconfig */ = {isa = PBXFileReference; includeInIndex = 1; lastKnownFileType = text.xcconfig; name = Pods.debug.xcconfig; path = "Pods/Target Support Files/Pods/Pods.debug.xcconfig"; sourceTree = "<group>"; };
		631A279564B8AF137FAAB393 /* libPods.a */ = {isa = PBXFileReference; explicitFileType = archive.ar; includeInIndex = 0; path = libPods.a; sourceTree = BUILT_PRODUCTS_DIR; };
		E0583690C499D23111CC21D8 /* Pods.release.xcconfig */ = {isa = PBXFileReference; includeInIndex = 1; lastKnownFileType = text.xcconfig; name = Pods.release.xcconfig; path = "Pods/Target Support Files/Pods/Pods.release.xcconfig"; sourceTree = "<group>"; };
/* End PBXFileReference section */

/* Begin PBXFrameworksBuildPhase section */
		08CACD691B5DD68700A4B1E3 /* Frameworks */ = {
			isa = PBXFrameworksBuildPhase;
			buildActionMask = 2147483647;
			files = (
				4DB8A3752844EC08474BFF68 /* libPods.a in Frameworks */,
			);
			runOnlyForDeploymentPostprocessing = 0;
		};
		08CACD7E1B5DD68700A4B1E3 /* Frameworks */ = {
			isa = PBXFrameworksBuildPhase;
			buildActionMask = 2147483647;
			files = (
			);
			runOnlyForDeploymentPostprocessing = 0;
		};
/* End PBXFrameworksBuildPhase section */

/* Begin PBXGroup section */
		08CACD631B5DD68700A4B1E3 = {
			isa = PBXGroup;
			children = (
				0F588F7C1B6A210F00B7B180 /* hhhhhhViewController.h */,
				0F588F7D1B6A210F00B7B180 /* hhhhhhViewController.m */,
				086EF5E51B5E3B720038F3DE /* NetworkRequest.h */,
				086EF5E61B5E3B720038F3DE /* NetworkRequest.m */,
				088399471B5F1E7200AA5707 /* URLRequest.h */,
				088399481B5F1E7200AA5707 /* URLRequest.m */,
				086EF5E31B5E2E780038F3DE /* h5.png */,
				086EF5DD1B5E25440038F3DE /* MyAlertView.h */,
				086EF5DE1B5E25440038F3DE /* MyAlertView.m */,
				08CACD911B5DD69800A4B1E3 /* MainViewController.h */,
				08CACD921B5DD69800A4B1E3 /* MainViewController.m */,
				086EF5E01B5E2C840038F3DE /* MyViewController.h */,
				086EF5E11B5E2C840038F3DE /* MyViewController.m */,
				08CACD6E1B5DD68700A4B1E3 /* AFNetworkExsample */,
				08CACD841B5DD68700A4B1E3 /* AFNetworkExsampleTests */,
				08CACD6D1B5DD68700A4B1E3 /* Products */,
				A35021420FCE27B07D23BF8F /* Pods */,
				1AF15D45474FC055A286852D /* Frameworks */,
			);
			sourceTree = "<group>";
		};
		08CACD6D1B5DD68700A4B1E3 /* Products */ = {
			isa = PBXGroup;
			children = (
				08CACD6C1B5DD68700A4B1E3 /* AFNetworkExsample.app */,
				08CACD811B5DD68700A4B1E3 /* AFNetworkExsampleTests.xctest */,
			);
			name = Products;
			sourceTree = "<group>";
		};
		08CACD6E1B5DD68700A4B1E3 /* AFNetworkExsample */ = {
			isa = PBXGroup;
			children = (
				08CACD731B5DD68700A4B1E3 /* AppDelegate.h */,
				08CACD741B5DD68700A4B1E3 /* AppDelegate.m */,
				08CACD761B5DD68700A4B1E3 /* AFNetworkExsample-Prefix.pch */,
				08CACD781B5DD68700A4B1E3 /* Images.xcassets */,
				08CACD7A1B5DD68700A4B1E3 /* LaunchScreen.xib */,
				08CACD6F1B5DD68700A4B1E3 /* Supporting Files */,
			);
			path = AFNetworkExsample;
			sourceTree = "<group>";
		};
		08CACD6F1B5DD68700A4B1E3 /* Supporting Files */ = {
			isa = PBXGroup;
			children = (
				08CACD701B5DD68700A4B1E3 /* Info.plist */,
				08CACD711B5DD68700A4B1E3 /* main.m */,
			);
			name = "Supporting Files";
			sourceTree = "<group>";
		};
		08CACD841B5DD68700A4B1E3 /* AFNetworkExsampleTests */ = {
			isa = PBXGroup;
			children = (
				08CACD871B5DD68700A4B1E3 /* AFNetworkExsampleTests.m */,
				08CACD851B5DD68700A4B1E3 /* Supporting Files */,
			);
			path = AFNetworkExsampleTests;
			sourceTree = "<group>";
		};
		08CACD851B5DD68700A4B1E3 /* Supporting Files */ = {
			isa = PBXGroup;
			children = (
				08CACD861B5DD68700A4B1E3 /* Info.plist */,
			);
			name = "Supporting Files";
			sourceTree = "<group>";
		};
		1AF15D45474FC055A286852D /* Frameworks */ = {
			isa = PBXGroup;
			children = (
				631A279564B8AF137FAAB393 /* libPods.a */,
			);
			name = Frameworks;
			sourceTree = "<group>";
		};
		A35021420FCE27B07D23BF8F /* Pods */ = {
			isa = PBXGroup;
			children = (
				15B147A1916CA8359B5CF8B9 /* Pods.debug.xcconfig */,
				E0583690C499D23111CC21D8 /* Pods.release.xcconfig */,
			);
			name = Pods;
			sourceTree = "<group>";
		};
/* End PBXGroup section */

/* Begin PBXNativeTarget section */
		08CACD6B1B5DD68700A4B1E3 /* AFNetworkExsample */ = {
			isa = PBXNativeTarget;
			buildConfigurationList = 08CACD8B1B5DD68700A4B1E3 /* Build configuration list for PBXNativeTarget "AFNetworkExsample" */;
			buildPhases = (
				A06CA350C7D58ED212DAEFCE /* Check Pods Manifest.lock */,
				08CACD681B5DD68700A4B1E3 /* Sources */,
				08CACD691B5DD68700A4B1E3 /* Frameworks */,
				08CACD6A1B5DD68700A4B1E3 /* Resources */,
				F3E34979BBA4B102F5FEEBB5 /* Copy Pods Resources */,
			);
			buildRules = (
			);
			dependencies = (
			);
			name = AFNetworkExsample;
			productName = AFNetworkExsample;
			productReference = 08CACD6C1B5DD68700A4B1E3 /* AFNetworkExsample.app */;
			productType = "com.apple.product-type.application";
		};
		08CACD801B5DD68700A4B1E3 /* AFNetworkExsampleTests */ = {
			isa = PBXNativeTarget;
			buildConfigurationList = 08CACD8E1B5DD68700A4B1E3 /* Build configuration list for PBXNativeTarget "AFNetworkExsampleTests" */;
			buildPhases = (
				08CACD7D1B5DD68700A4B1E3 /* Sources */,
				08CACD7E1B5DD68700A4B1E3 /* Frameworks */,
				08CACD7F1B5DD68700A4B1E3 /* Resources */,
			);
			buildRules = (
			);
			dependencies = (
				08CACD831B5DD68700A4B1E3 /* PBXTargetDependency */,
			);
			name = AFNetworkExsampleTests;
			productName = AFNetworkExsampleTests;
			productReference = 08CACD811B5DD68700A4B1E3 /* AFNetworkExsampleTests.xctest */;
			productType = "com.apple.product-type.bundle.unit-test";
		};
/* End PBXNativeTarget section */

/* Begin PBXProject section */
		08CACD641B5DD68700A4B1E3 /* Project object */ = {
			isa = PBXProject;
			attributes = {
				LastUpgradeCheck = 0620;
				ORGANIZATIONNAME = spoil;
				TargetAttributes = {
					08CACD6B1B5DD68700A4B1E3 = {
						CreatedOnToolsVersion = 6.2;
					};
					08CACD801B5DD68700A4B1E3 = {
						CreatedOnToolsVersion = 6.2;
						TestTargetID = 08CACD6B1B5DD68700A4B1E3;
					};
				};
			};
			buildConfigurationList = 08CACD671B5DD68700A4B1E3 /* Build configuration list for PBXProject "AFNetworkExsample" */;
			compatibilityVersion = "Xcode 3.2";
			developmentRegion = English;
			hasScannedForEncodings = 0;
			knownRegions = (
				en,
				Base,
			);
			mainGroup = 08CACD631B5DD68700A4B1E3;
			productRefGroup = 08CACD6D1B5DD68700A4B1E3 /* Products */;
			projectDirPath = "";
			projectRoot = "";
			targets = (
				08CACD6B1B5DD68700A4B1E3 /* AFNetworkExsample */,
				08CACD801B5DD68700A4B1E3 /* AFNetworkExsampleTests */,
			);
		};
/* End PBXProject section */

/* Begin PBXResourcesBuildPhase section */
		08CACD6A1B5DD68700A4B1E3 /* Resources */ = {
			isa = PBXResourcesBuildPhase;
			buildActionMask = 2147483647;
			files = (
				086EF5E41B5E2E780038F3DE /* h5.png in Resources */,
				08CACD771B5DD68700A4B1E3 /* AFNetworkExsample-Prefix.pch in Resources */,
				08CACD7C1B5DD68700A4B1E3 /* LaunchScreen.xib in Resources */,
				08CACD791B5DD68700A4B1E3 /* Images.xcassets in Resources */,
			);
			runOnlyForDeploymentPostprocessing = 0;
		};
		08CACD7F1B5DD68700A4B1E3 /* Resources */ = {
			isa = PBXResourcesBuildPhase;
			buildActionMask = 2147483647;
			files = (
			);
			runOnlyForDeploymentPostprocessing = 0;
		};
/* End PBXResourcesBuildPhase section */

/* Begin PBXShellScriptBuildPhase section */
		A06CA350C7D58ED212DAEFCE /* Check Pods Manifest.lock */ = {
			isa = PBXShellScriptBuildPhase;
			buildActionMask = 2147483647;
			files = (
			);
			inputPaths = (
			);
			name = "Check Pods Manifest.lock";
			outputPaths = (
			);
			runOnlyForDeploymentPostprocessing = 0;
			shellPath = /bin/sh;
			shellScript = "diff \"${PODS_ROOT}/../Podfile.lock\" \"${PODS_ROOT}/Manifest.lock\" > /dev/null\nif [[ $? != 0 ]] ; then\n    cat << EOM\nerror: The sandbox is not in sync with the Podfile.lock. Run 'pod install' or update your CocoaPods installation.\nEOM\n    exit 1\nfi\n";
			showEnvVarsInLog = 0;
		};
		F3E34979BBA4B102F5FEEBB5 /* Copy Pods Resources */ = {
			isa = PBXShellScriptBuildPhase;
			buildActionMask = 2147483647;
			files = (
			);
			inputPaths = (
			);
			name = "Copy Pods Resources";
			outputPaths = (
			);
			runOnlyForDeploymentPostprocessing = 0;
			shellPath = /bin/sh;
			shellScript = "\"${SRCROOT}/Pods/Target Support Files/Pods/Pods-resources.sh\"\n";
			showEnvVarsInLog = 0;
		};
/* End PBXShellScriptBuildPhase section */

/* Begin PBXSourcesBuildPhase section */
		08CACD681B5DD68700A4B1E3 /* Sources */ = {
			isa = PBXSourcesBuildPhase;
			buildActionMask = 2147483647;
			files = (
				0F588F7E1B6A210F00B7B180 /* hhhhhhViewController.m in Sources */,
				086EF5E71B5E3B720038F3DE /* NetworkRequest.m in Sources */,
				086EF5DF1B5E25440038F3DE /* MyAlertView.m in Sources */,
				08CACD751B5DD68700A4B1E3 /* AppDelegate.m in Sources */,
				08CACD931B5DD69800A4B1E3 /* MainViewController.m in Sources */,
				08CACD721B5DD68700A4B1E3 /* main.m in Sources */,
				088399491B5F1E7200AA5707 /* URLRequest.m in Sources */,
				086EF5E21B5E2C840038F3DE /* MyViewController.m in Sources */,
			);
			runOnlyForDeploymentPostprocessing = 0;
		};
		08CACD7D1B5DD68700A4B1E3 /* Sources */ = {
			isa = PBXSourcesBuildPhase;
			buildActionMask = 2147483647;
			files = (
				08CACD881B5DD68700A4B1E3 /* AFNetworkExsampleTests.m in Sources */,
			);
			runOnlyForDeploymentPostprocessing = 0;
		};
/* End PBXSourcesBuildPhase section */

/* Begin PBXTargetDependency section */
		08CACD831B5DD68700A4B1E3 /* PBXTargetDependency */ = {
			isa = PBXTargetDependency;
			target = 08CACD6B1B5DD68700A4B1E3 /* AFNetworkExsample */;
			targetProxy = 08CACD821B5DD68700A4B1E3 /* PBXContainerItemProxy */;
		};
/* End PBXTargetDependency section */

/* Begin PBXVariantGroup section */
		08CACD7A1B5DD68700A4B1E3 /* LaunchScreen.xib */ = {
			isa = PBXVariantGroup;
			children = (
				08CACD7B1B5DD68700A4B1E3 /* Base */,
			);
			name = LaunchScreen.xib;
			sourceTree = "<group>";
		};
/* End PBXVariantGroup section */

/* Begin XCBuildConfiguration section */
		08CACD891B5DD68700A4B1E3 /* Debug */ = {
			isa = XCBuildConfiguration;
			buildSettings = {
				ALWAYS_SEARCH_USER_PATHS = NO;
				CLANG_CXX_LANGUAGE_STANDARD = "gnu++0x";
				CLANG_CXX_LIBRARY = "libc++";
				CLANG_ENABLE_MODULES = YES;
				CLANG_ENABLE_OBJC_ARC = YES;
				CLANG_WARN_BOOL_CONVERSION = YES;
				CLANG_WARN_CONSTANT_CONVERSION = YES;
				CLANG_WARN_DIRECT_OBJC_ISA_USAGE = YES_ERROR;
				CLANG_WARN_EMPTY_BODY = YES;
				CLANG_WARN_ENUM_CONVERSION = YES;
				CLANG_WARN_INT_CONVERSION = YES;
				CLANG_WARN_OBJC_ROOT_CLASS = YES_ERROR;
				CLANG_WARN_UNREACHABLE_CODE = YES;
				CLANG_WARN__DUPLICATE_METHOD_MATCH = YES;
				"CODE_SIGN_IDENTITY[sdk=iphoneos*]" = "iPhone Developer";
				COPY_PHASE_STRIP = NO;
				ENABLE_STRICT_OBJC_MSGSEND = YES;
				GCC_C_LANGUAGE_STANDARD = gnu99;
				GCC_DYNAMIC_NO_PIC = NO;
				GCC_OPTIMIZATION_LEVEL = 0;
				GCC_PREPROCESSOR_DEFINITIONS = (
					"DEBUG=1",
					"$(inherited)",
				);
				GCC_SYMBOLS_PRIVATE_EXTERN = NO;
				GCC_WARN_64_TO_32_BIT_CONVERSION = YES;
				GCC_WARN_ABOUT_RETURN_TYPE = YES_ERROR;
				GCC_WARN_UNDECLARED_SELECTOR = YES;
				GCC_WARN_UNINITIALIZED_AUTOS = YES_AGGRESSIVE;
				GCC_WARN_UNUSED_FUNCTION = YES;
				GCC_WARN_UNUSED_VARIABLE = YES;
				IPHONEOS_DEPLOYMENT_TARGET = 8.2;
				MTL_ENABLE_DEBUG_INFO = YES;
				ONLY_ACTIVE_ARCH = YES;
				SDKROOT = iphoneos;
			};
			name = Debug;
		};
		08CACD8A1B5DD68700A4B1E3 /* Release */ = {
			isa = XCBuildConfiguration;
			buildSettings = {
				ALWAYS_SEARCH_USER_PATHS = NO;
				CLANG_CXX_LANGUAGE_STANDARD = "gnu++0x";
				CLANG_CXX_LIBRARY = "libc++";
				CLANG_ENABLE_MODULES = YES;
				CLANG_ENABLE_OBJC_ARC = YES;
				CLANG_WARN_BOOL_CONVERSION = YES;
				CLANG_WARN_CONSTANT_CONVERSION = YES;
				CLANG_WARN_DIRECT_OBJC_ISA_USAGE = YES_ERROR;
				CLANG_WARN_EMPTY_BODY = YES;
				CLANG_WARN_ENUM_CONVERSION = YES;
				CLANG_WARN_INT_CONVERSION = YES;
				CLANG_WARN_OBJC_ROOT_CLASS = YES_ERROR;
				CLANG_WARN_UNREACHABLE_CODE = YES;
				CLANG_WARN__DUPLICATE_METHOD_MATCH = YES;
				"CODE_SIGN_IDENTITY[sdk=iphoneos*]" = "iPhone Developer";
				COPY_PHASE_STRIP = NO;
				ENABLE_NS_ASSERTIONS = NO;
				ENABLE_STRICT_OBJC_MSGSEND = YES;
				GCC_C_LANGUAGE_STANDARD = gnu99;
				GCC_WARN_64_TO_32_BIT_CONVERSION = YES;
				GCC_WARN_ABOUT_RETURN_TYPE = YES_ERROR;
				GCC_WARN_UNDECLARED_SELECTOR = YES;
				GCC_WARN_UNINITIALIZED_AUTOS = YES_AGGRESSIVE;
				GCC_WARN_UNUSED_FUNCTION = YES;
				GCC_WARN_UNUSED_VARIABLE = YES;
				IPHONEOS_DEPLOYMENT_TARGET = 8.2;
				MTL_ENABLE_DEBUG_INFO = NO;
				SDKROOT = iphoneos;
				VALIDATE_PRODUCT = YES;
			};
			name = Release;
		};
		08CACD8C1B5DD68700A4B1E3 /* Debug */ = {
			isa = XCBuildConfiguration;
			baseConfigurationReference = 15B147A1916CA8359B5CF8B9 /* Pods.debug.xcconfig */;
			buildSettings = {
				ASSETCATALOG_COMPILER_APPICON_NAME = AppIcon;
				INFOPLIST_FILE = AFNetworkExsample/Info.plist;
				LD_RUNPATH_SEARCH_PATHS = "$(inherited) @executable_path/Frameworks";
				PRODUCT_NAME = "$(TARGET_NAME)";
			};
			name = Debug;
		};
		08CACD8D1B5DD68700A4B1E3 /* Release */ = {
			isa = XCBuildConfiguration;
			baseConfigurationReference = E0583690C499D23111CC21D8 /* Pods.release.xcconfig */;
			buildSettings = {
				ASSETCATALOG_COMPILER_APPICON_NAME = AppIcon;
				INFOPLIST_FILE = AFNetworkExsample/Info.plist;
				LD_RUNPATH_SEARCH_PATHS = "$(inherited) @executable_path/Frameworks";
				PRODUCT_NAME = "$(TARGET_NAME)";
			};
			name = Release;
		};
		08CACD8F1B5DD68700A4B1E3 /* Debug */ = {
			isa = XCBuildConfiguration;
			buildSettings = {
				BUNDLE_LOADER = "$(TEST_HOST)";
				FRAMEWORK_SEARCH_PATHS = (
					"$(SDKROOT)/Developer/Library/Frameworks",
					"$(inherited)",
				);
				GCC_PREPROCESSOR_DEFINITIONS = (
					"DEBUG=1",
					"$(inherited)",
				);
				INFOPLIST_FILE = AFNetworkExsampleTests/Info.plist;
				LD_RUNPATH_SEARCH_PATHS = "$(inherited) @executable_path/Frameworks @loader_path/Frameworks";
				PRODUCT_NAME = "$(TARGET_NAME)";
				TEST_HOST = "$(BUILT_PRODUCTS_DIR)/AFNetworkExsample.app/AFNetworkExsample";
			};
			name = Debug;
		};
		08CACD901B5DD68700A4B1E3 /* Release */ = {
			isa = XCBuildConfiguration;
			buildSettings = {
				BUNDLE_LOADER = "$(TEST_HOST)";
				FRAMEWORK_SEARCH_PATHS = (
					"$(SDKROOT)/Developer/Library/Frameworks",
					"$(inherited)",
				);
				INFOPLIST_FILE = AFNetworkExsampleTests/Info.plist;
				LD_RUNPATH_SEARCH_PATHS = "$(inherited) @executable_path/Frameworks @loader_path/Frameworks";
				PRODUCT_NAME = "$(TARGET_NAME)";
				TEST_HOST = "$(BUILT_PRODUCTS_DIR)/AFNetworkExsample.app/AFNetworkExsample";
			};
			name = Release;
		};
/* End XCBuildConfiguration section */

/* Begin XCConfigurationList section */
		08CACD671B5DD68700A4B1E3 /* Build configuration list for PBXProject "AFNetworkExsample" */ = {
			isa = XCConfigurationList;
			buildConfigurations = (
				08CACD891B5DD68700A4B1E3 /* Debug */,
				08CACD8A1B5DD68700A4B1E3 /* Release */,
			);
			defaultConfigurationIsVisible = 0;
			defaultConfigurationName = Release;
		};
		08CACD8B1B5DD68700A4B1E3 /* Build configuration list for PBXNativeTarget "AFNetworkExsample" */ = {
			isa = XCConfigurationList;
			buildConfigurations = (
				08CACD8C1B5DD68700A4B1E3 /* Debug */,
				08CACD8D1B5DD68700A4B1E3 /* Release */,
			);
			defaultConfigurationIsVisible = 0;
			defaultConfigurationName = Release;
		};
		08CACD8E1B5DD68700A4B1E3 /* Build configuration list for PBXNativeTarget "AFNetworkExsampleTests" */ = {
			isa = XCConfigurationList;
			buildConfigurations = (
				08CACD8F1B5DD68700A4B1E3 /* Debug */,
				08CACD901B5DD68700A4B1E3 /* Release */,
			);
			defaultConfigurationIsVisible = 0;
			defaultConfigurationName = Release;
		};
/* End XCConfigurationList section */
	};
	rootObject = 08CACD641B5DD68700A4B1E3 /* Project object */;
}
